// !$*UTF8*$!
{
	archiveVersion = 1;
	classes = {
	};
	objectVersion = 56;
	objects = {

/* Begin PBXBuildFile section */
		ABC29CCF29C55E1400D7AC8B /* playAIApp.swift in Sources */ = {isa = PBXBuildFile; fileRef = ABC29CCE29C55E1400D7AC8B /* playAIApp.swift */; };
		ABC29CD129C55E1400D7AC8B /* ContentView.swift in Sources */ = {isa = PBXBuildFile; fileRef = ABC29CD029C55E1400D7AC8B /* ContentView.swift */; };
		ABC29CD329C55E1600D7AC8B /* Assets.xcassets in Resources */ = {isa = PBXBuildFile; fileRef = ABC29CD229C55E1600D7AC8B /* Assets.xcassets */; };
		ABC29CD629C55E1600D7AC8B /* Preview Assets.xcassets in Resources */ = {isa = PBXBuildFile; fileRef = ABC29CD529C55E1600D7AC8B /* Preview Assets.xcassets */; };
		ABC29CE129C55E1600D7AC8B /* playAITests.swift in Sources */ = {isa = PBXBuildFile; fileRef = ABC29CE029C55E1600D7AC8B /* playAITests.swift */; };
		ABC29CEB29C55E1600D7AC8B /* playAIUITests.swift in Sources */ = {isa = PBXBuildFile; fileRef = ABC29CEA29C55E1600D7AC8B /* playAIUITests.swift */; };
		ABC29CED29C55E1600D7AC8B /* playAIUITestsLaunchTests.swift in Sources */ = {isa = PBXBuildFile; fileRef = ABC29CEC29C55E1600D7AC8B /* playAIUITestsLaunchTests.swift */; };
		ABC29CFA29C55EED00D7AC8B /* ChatBubbleView.swift in Sources */ = {isa = PBXBuildFile; fileRef = ABC29CF929C55EED00D7AC8B /* ChatBubbleView.swift */; };
		ABC29CFF29C5B64E00D7AC8B /* OpenAI.swift in Sources */ = {isa = PBXBuildFile; fileRef = ABC29CFE29C5B64E00D7AC8B /* OpenAI.swift */; };
		ABC29D0429C5D26B00D7AC8B /* Keys.plist in Resources */ = {isa = PBXBuildFile; fileRef = ABC29D0029C5CE1F00D7AC8B /* Keys.plist */; };
/* End PBXBuildFile section */

/* Begin PBXContainerItemProxy section */
		ABC29CDD29C55E1600D7AC8B /* PBXContainerItemProxy */ = {
			isa = PBXContainerItemProxy;
			containerPortal = ABC29CC329C55E1400D7AC8B /* Project object */;
			proxyType = 1;
			remoteGlobalIDString = ABC29CCA29C55E1400D7AC8B;
			remoteInfo = playAI;
		};
		ABC29CE729C55E1600D7AC8B /* PBXContainerItemProxy */ = {
			isa = PBXContainerItemProxy;
			containerPortal = ABC29CC329C55E1400D7AC8B /* Project object */;
			proxyType = 1;
			remoteGlobalIDString = ABC29CCA29C55E1400D7AC8B;
			remoteInfo = playAI;
		};
/* End PBXContainerItemProxy section */

/* Begin PBXFileReference section */
		ABC29CCB29C55E1400D7AC8B /* playAI.app */ = {isa = PBXFileReference; explicitFileType = wrapper.application; includeInIndex = 0; path = playAI.app; sourceTree = BUILT_PRODUCTS_DIR; };
		ABC29CCE29C55E1400D7AC8B /* playAIApp.swift */ = {isa = PBXFileReference; lastKnownFileType = sourcecode.swift; path = playAIApp.swift; sourceTree = "<group>"; };
		ABC29CD029C55E1400D7AC8B /* ContentView.swift */ = {isa = PBXFileReference; lastKnownFileType = sourcecode.swift; path = ContentView.swift; sourceTree = "<group>"; };
		ABC29CD229C55E1600D7AC8B /* Assets.xcassets */ = {isa = PBXFileReference; lastKnownFileType = folder.assetcatalog; path = Assets.xcassets; sourceTree = "<group>"; };
		ABC29CD529C55E1600D7AC8B /* Preview Assets.xcassets */ = {isa = PBXFileReference; lastKnownFileType = folder.assetcatalog; path = "Preview Assets.xcassets"; sourceTree = "<group>"; };
		ABC29CD729C55E1600D7AC8B /* playAI.entitlements */ = {isa = PBXFileReference; lastKnownFileType = text.plist.entitlements; path = playAI.entitlements; sourceTree = "<group>"; };
		ABC29CDC29C55E1600D7AC8B /* playAITests.xctest */ = {isa = PBXFileReference; explicitFileType = wrapper.cfbundle; includeInIndex = 0; path = playAITests.xctest; sourceTree = BUILT_PRODUCTS_DIR; };
		ABC29CE029C55E1600D7AC8B /* playAITests.swift */ = {isa = PBXFileReference; lastKnownFileType = sourcecode.swift; path = playAITests.swift; sourceTree = "<group>"; };
		ABC29CE629C55E1600D7AC8B /* playAIUITests.xctest */ = {isa = PBXFileReference; explicitFileType = wrapper.cfbundle; includeInIndex = 0; path = playAIUITests.xctest; sourceTree = BUILT_PRODUCTS_DIR; };
		ABC29CEA29C55E1600D7AC8B /* playAIUITests.swift */ = {isa = PBXFileReference; lastKnownFileType = sourcecode.swift; path = playAIUITests.swift; sourceTree = "<group>"; };
		ABC29CEC29C55E1600D7AC8B /* playAIUITestsLaunchTests.swift */ = {isa = PBXFileReference; lastKnownFileType = sourcecode.swift; path = playAIUITestsLaunchTests.swift; sourceTree = "<group>"; };
		ABC29CF929C55EED00D7AC8B /* ChatBubbleView.swift */ = {isa = PBXFileReference; lastKnownFileType = sourcecode.swift; path = ChatBubbleView.swift; sourceTree = "<group>"; };
		ABC29CFE29C5B64E00D7AC8B /* OpenAI.swift */ = {isa = PBXFileReference; lastKnownFileType = sourcecode.swift; path = OpenAI.swift; sourceTree = "<group>"; };
		ABC29D0029C5CE1F00D7AC8B /* Keys.plist */ = {isa = PBXFileReference; lastKnownFileType = text.plist.xml; name = Keys.plist; path = "/Users/Louis.Suo/repo/new-ai-app/playAI/Keys.plist"; sourceTree = "<absolute>"; };
/* End PBXFileReference section */

/* Begin PBXFrameworksBuildPhase section */
		ABC29CC829C55E1400D7AC8B /* Frameworks */ = {
			isa = PBXFrameworksBuildPhase;
			buildActionMask = 2147483647;
			files = (
			);
			runOnlyForDeploymentPostprocessing = 0;
		};
		ABC29CD929C55E1600D7AC8B /* Frameworks */ = {
			isa = PBXFrameworksBuildPhase;
			buildActionMask = 2147483647;
			files = (
			);
			runOnlyForDeploymentPostprocessing = 0;
		};
		ABC29CE329C55E1600D7AC8B /* Frameworks */ = {
			isa = PBXFrameworksBuildPhase;
			buildActionMask = 2147483647;
			files = (
			);
			runOnlyForDeploymentPostprocessing = 0;
		};
/* End PBXFrameworksBuildPhase section */

/* Begin PBXGroup section */
		ABC29CC229C55E1400D7AC8B = {
			isa = PBXGroup;
			children = (
				ABC29D0029C5CE1F00D7AC8B /* Keys.plist */,
				ABC29CCD29C55E1400D7AC8B /* playAI */,
				ABC29CDF29C55E1600D7AC8B /* playAITests */,
				ABC29CE929C55E1600D7AC8B /* playAIUITests */,
				ABC29CCC29C55E1400D7AC8B /* Products */,
			);
			sourceTree = "<group>";
		};
		ABC29CCC29C55E1400D7AC8B /* Products */ = {
			isa = PBXGroup;
			children = (
				ABC29CCB29C55E1400D7AC8B /* playAI.app */,
				ABC29CDC29C55E1600D7AC8B /* playAITests.xctest */,
				ABC29CE629C55E1600D7AC8B /* playAIUITests.xctest */,
			);
			name = Products;
			sourceTree = "<group>";
		};
		ABC29CCD29C55E1400D7AC8B /* playAI */ = {
			isa = PBXGroup;
			children = (
				ABC29CCE29C55E1400D7AC8B /* playAIApp.swift */,
				ABC29CD029C55E1400D7AC8B /* ContentView.swift */,
				ABC29CD229C55E1600D7AC8B /* Assets.xcassets */,
				ABC29CD729C55E1600D7AC8B /* playAI.entitlements */,
				ABC29CD429C55E1600D7AC8B /* Preview Content */,
				ABC29CF929C55EED00D7AC8B /* ChatBubbleView.swift */,
				ABC29CFE29C5B64E00D7AC8B /* OpenAI.swift */,
			);
			path = playAI;
			sourceTree = "<group>";
		};
		ABC29CD429C55E1600D7AC8B /* Preview Content */ = {
			isa = PBXGroup;
			children = (
				ABC29CD529C55E1600D7AC8B /* Preview Assets.xcassets */,
			);
			path = "Preview Content";
			sourceTree = "<group>";
		};
		ABC29CDF29C55E1600D7AC8B /* playAITests */ = {
			isa = PBXGroup;
			children = (
				ABC29CE029C55E1600D7AC8B /* playAITests.swift */,
			);
			path = playAITests;
			sourceTree = "<group>";
		};
		ABC29CE929C55E1600D7AC8B /* playAIUITests */ = {
			isa = PBXGroup;
			children = (
				ABC29CEA29C55E1600D7AC8B /* playAIUITests.swift */,
				ABC29CEC29C55E1600D7AC8B /* playAIUITestsLaunchTests.swift */,
			);
			path = playAIUITests;
			sourceTree = "<group>";
		};
/* End PBXGroup section */

/* Begin PBXNativeTarget section */
		ABC29CCA29C55E1400D7AC8B /* playAI */ = {
			isa = PBXNativeTarget;
			buildConfigurationList = ABC29CF029C55E1600D7AC8B /* Build configuration list for PBXNativeTarget "playAI" */;
			buildPhases = (
				ABC29CC729C55E1400D7AC8B /* Sources */,
				ABC29CC829C55E1400D7AC8B /* Frameworks */,
				ABC29CC929C55E1400D7AC8B /* Resources */,
			);
			buildRules = (
			);
			dependencies = (
			);
			name = playAI;
			packageProductDependencies = (
			);
			productName = playAI;
			productReference = ABC29CCB29C55E1400D7AC8B /* playAI.app */;
			productType = "com.apple.product-type.application";
		};
		ABC29CDB29C55E1600D7AC8B /* playAITests */ = {
			isa = PBXNativeTarget;
			buildConfigurationList = ABC29CF329C55E1600D7AC8B /* Build configuration list for PBXNativeTarget "playAITests" */;
			buildPhases = (
				ABC29CD829C55E1600D7AC8B /* Sources */,
				ABC29CD929C55E1600D7AC8B /* Frameworks */,
				ABC29CDA29C55E1600D7AC8B /* Resources */,
			);
			buildRules = (
			);
			dependencies = (
				ABC29CDE29C55E1600D7AC8B /* PBXTargetDependency */,
			);
			name = playAITests;
			productName = playAITests;
			productReference = ABC29CDC29C55E1600D7AC8B /* playAITests.xctest */;
			productType = "com.apple.product-type.bundle.unit-test";
		};
		ABC29CE529C55E1600D7AC8B /* playAIUITests */ = {
			isa = PBXNativeTarget;
			buildConfigurationList = ABC29CF629C55E1600D7AC8B /* Build configuration list for PBXNativeTarget "playAIUITests" */;
			buildPhases = (
				ABC29CE229C55E1600D7AC8B /* Sources */,
				ABC29CE329C55E1600D7AC8B /* Frameworks */,
				ABC29CE429C55E1600D7AC8B /* Resources */,
			);
			buildRules = (
			);
			dependencies = (
				ABC29CE829C55E1600D7AC8B /* PBXTargetDependency */,
			);
			name = playAIUITests;
			productName = playAIUITests;
			productReference = ABC29CE629C55E1600D7AC8B /* playAIUITests.xctest */;
			productType = "com.apple.product-type.bundle.ui-testing";
		};
/* End PBXNativeTarget section */

/* Begin PBXProject section */
		ABC29CC329C55E1400D7AC8B /* Project object */ = {
			isa = PBXProject;
			attributes = {
				BuildIndependentTargetsInParallel = 1;
				KnownAssetTags = (
					New,
				);
				LastSwiftUpdateCheck = 1420;
				LastUpgradeCheck = 1420;
				TargetAttributes = {
					ABC29CCA29C55E1400D7AC8B = {
						CreatedOnToolsVersion = 14.2;
					};
					ABC29CDB29C55E1600D7AC8B = {
						CreatedOnToolsVersion = 14.2;
						TestTargetID = ABC29CCA29C55E1400D7AC8B;
					};
					ABC29CE529C55E1600D7AC8B = {
						CreatedOnToolsVersion = 14.2;
						TestTargetID = ABC29CCA29C55E1400D7AC8B;
					};
				};
			};
			buildConfigurationList = ABC29CC629C55E1400D7AC8B /* Build configuration list for PBXProject "playAI" */;
			compatibilityVersion = "Xcode 14.0";
			developmentRegion = en;
			hasScannedForEncodings = 0;
			knownRegions = (
				en,
				Base,
			);
			mainGroup = ABC29CC229C55E1400D7AC8B;
			packageReferences = (
			);
			productRefGroup = ABC29CCC29C55E1400D7AC8B /* Products */;
			projectDirPath = "";
			projectRoot = "";
			targets = (
				ABC29CCA29C55E1400D7AC8B /* playAI */,
				ABC29CDB29C55E1600D7AC8B /* playAITests */,
				ABC29CE529C55E1600D7AC8B /* playAIUITests */,
			);
		};
/* End PBXProject section */

/* Begin PBXResourcesBuildPhase section */
		ABC29CC929C55E1400D7AC8B /* Resources */ = {
			isa = PBXResourcesBuildPhase;
			buildActionMask = 2147483647;
			files = (
				ABC29D0429C5D26B00D7AC8B /* Keys.plist in Resources */,
				ABC29CD629C55E1600D7AC8B /* Preview Assets.xcassets in Resources */,
				ABC29CD329C55E1600D7AC8B /* Assets.xcassets in Resources */,
			);
			runOnlyForDeploymentPostprocessing = 0;
		};
		ABC29CDA29C55E1600D7AC8B /* Resources */ = {
			isa = PBXResourcesBuildPhase;
			buildActionMask = 2147483647;
			files = (
			);
			runOnlyForDeploymentPostprocessing = 0;
		};
		ABC29CE429C55E1600D7AC8B /* Resources */ = {
			isa = PBXResourcesBuildPhase;
			buildActionMask = 2147483647;
			files = (
			);
			runOnlyForDeploymentPostprocessing = 0;
		};
/* End PBXResourcesBuildPhase section */

/* Begin PBXSourcesBuildPhase section */
		ABC29CC729C55E1400D7AC8B /* Sources */ = {
			isa = PBXSourcesBuildPhase;
			buildActionMask = 2147483647;
			files = (
				ABC29CFA29C55EED00D7AC8B /* ChatBubbleView.swift in Sources */,
				ABC29CD129C55E1400D7AC8B /* ContentView.swift in Sources */,
				ABC29CCF29C55E1400D7AC8B /* playAIApp.swift in Sources */,
				ABC29CFF29C5B64E00D7AC8B /* OpenAI.swift in Sources */,
			);
			runOnlyForDeploymentPostprocessing = 0;
		};
		ABC29CD829C55E1600D7AC8B /* Sources */ = {
			isa = PBXSourcesBuildPhase;
			buildActionMask = 2147483647;
			files = (
				ABC29CE129C55E1600D7AC8B /* playAITests.swift in Sources */,
			);
			runOnlyForDeploymentPostprocessing = 0;
		};
		ABC29CE229C55E1600D7AC8B /* Sources */ = {
			isa = PBXSourcesBuildPhase;
			buildActionMask = 2147483647;
			files = (
				ABC29CED29C55E1600D7AC8B /* playAIUITestsLaunchTests.swift in Sources */,
				ABC29CEB29C55E1600D7AC8B /* playAIUITests.swift in Sources */,
			);
			runOnlyForDeploymentPostprocessing = 0;
		};
/* End PBXSourcesBuildPhase section */

/* Begin PBXTargetDependency section */
		ABC29CDE29C55E1600D7AC8B /* PBXTargetDependency */ = {
			isa = PBXTargetDependency;
			target = ABC29CCA29C55E1400D7AC8B /* playAI */;
			targetProxy = ABC29CDD29C55E1600D7AC8B /* PBXContainerItemProxy */;
		};
		ABC29CE829C55E1600D7AC8B /* PBXTargetDependency */ = {
			isa = PBXTargetDependency;
			target = ABC29CCA29C55E1400D7AC8B /* playAI */;
			targetProxy = ABC29CE729C55E1600D7AC8B /* PBXContainerItemProxy */;
		};
/* End PBXTargetDependency section */

/* Begin XCBuildConfiguration section */
		ABC29CEE29C55E1600D7AC8B /* Debug */ = {
			isa = XCBuildConfiguration;
			buildSettings = {
				ALWAYS_SEARCH_USER_PATHS = NO;
				CLANG_ANALYZER_NONNULL = YES;
				CLANG_ANALYZER_NUMBER_OBJECT_CONVERSION = YES_AGGRESSIVE;
				CLANG_CXX_LANGUAGE_STANDARD = "gnu++20";
				CLANG_ENABLE_MODULES = YES;
				CLANG_ENABLE_OBJC_ARC = YES;
				CLANG_ENABLE_OBJC_WEAK = YES;
				CLANG_WARN_BLOCK_CAPTURE_AUTORELEASING = YES;
				CLANG_WARN_BOOL_CONVERSION = YES;
				CLANG_WARN_COMMA = YES;
				CLANG_WARN_CONSTANT_CONVERSION = YES;
				CLANG_WARN_DEPRECATED_OBJC_IMPLEMENTATIONS = YES;
				CLANG_WARN_DIRECT_OBJC_ISA_USAGE = YES_ERROR;
				CLANG_WARN_DOCUMENTATION_COMMENTS = YES;
				CLANG_WARN_EMPTY_BODY = YES;
				CLANG_WARN_ENUM_CONVERSION = YES;
				CLANG_WARN_INFINITE_RECURSION = YES;
				CLANG_WARN_INT_CONVERSION = YES;
				CLANG_WARN_NON_LITERAL_NULL_CONVERSION = YES;
				CLANG_WARN_OBJC_IMPLICIT_RETAIN_SELF = YES;
				CLANG_WARN_OBJC_LITERAL_CONVERSION = YES;
				CLANG_WARN_OBJC_ROOT_CLASS = YES_ERROR;
				CLANG_WARN_QUOTED_INCLUDE_IN_FRAMEWORK_HEADER = YES;
				CLANG_WARN_RANGE_LOOP_ANALYSIS = YES;
				CLANG_WARN_STRICT_PROTOTYPES = YES;
				CLANG_WARN_SUSPICIOUS_MOVE = YES;
				CLANG_WARN_UNGUARDED_AVAILABILITY = YES_AGGRESSIVE;
				CLANG_WARN_UNREACHABLE_CODE = YES;
				CLANG_WARN__DUPLICATE_METHOD_MATCH = YES;
				COPY_PHASE_STRIP = NO;
				DEBUG_INFORMATION_FORMAT = dwarf;
				ENABLE_STRICT_OBJC_MSGSEND = YES;
				ENABLE_TESTABILITY = YES;
				GCC_C_LANGUAGE_STANDARD = gnu11;
				GCC_DYNAMIC_NO_PIC = NO;
				GCC_NO_COMMON_BLOCKS = YES;
				GCC_OPTIMIZATION_LEVEL = 0;
				GCC_PREPROCESSOR_DEFINITIONS = (
					"DEBUG=1",
					"$(inherited)",
				);
				GCC_WARN_64_TO_32_BIT_CONVERSION = YES;
				GCC_WARN_ABOUT_RETURN_TYPE = YES_ERROR;
				GCC_WARN_UNDECLARED_SELECTOR = YES;
				GCC_WARN_UNINITIALIZED_AUTOS = YES_AGGRESSIVE;
				GCC_WARN_UNUSED_FUNCTION = YES;
				GCC_WARN_UNUSED_VARIABLE = YES;
				MACOSX_DEPLOYMENT_TARGET = 13.1;
				MTL_ENABLE_DEBUG_INFO = INCLUDE_SOURCE;
				MTL_FAST_MATH = YES;
				ONLY_ACTIVE_ARCH = YES;
				SDKROOT = macosx;
				SWIFT_ACTIVE_COMPILATION_CONDITIONS = DEBUG;
				SWIFT_OPTIMIZATION_LEVEL = "-Onone";
			};
			name = Debug;
		};
		ABC29CEF29C55E1600D7AC8B /* Release */ = {
			isa = XCBuildConfiguration;
			buildSettings = {
				ALWAYS_SEARCH_USER_PATHS = NO;
				CLANG_ANALYZER_NONNULL = YES;
				CLANG_ANALYZER_NUMBER_OBJECT_CONVERSION = YES_AGGRESSIVE;
				CLANG_CXX_LANGUAGE_STANDARD = "gnu++20";
				CLANG_ENABLE_MODULES = YES;
				CLANG_ENABLE_OBJC_ARC = YES;
				CLANG_ENABLE_OBJC_WEAK = YES;
				CLANG_WARN_BLOCK_CAPTURE_AUTORELEASING = YES;
				CLANG_WARN_BOOL_CONVERSION = YES;
				CLANG_WARN_COMMA = YES;
				CLANG_WARN_CONSTANT_CONVERSION = YES;
				CLANG_WARN_DEPRECATED_OBJC_IMPLEMENTATIONS = YES;
				CLANG_WARN_DIRECT_OBJC_ISA_USAGE = YES_ERROR;
				CLANG_WARN_DOCUMENTATION_COMMENTS = YES;
				CLANG_WARN_EMPTY_BODY = YES;
				CLANG_WARN_ENUM_CONVERSION = YES;
				CLANG_WARN_INFINITE_RECURSION = YES;
				CLANG_WARN_INT_CONVERSION = YES;
				CLANG_WARN_NON_LITERAL_NULL_CONVERSION = YES;
				CLANG_WARN_OBJC_IMPLICIT_RETAIN_SELF = YES;
				CLANG_WARN_OBJC_LITERAL_CONVERSION = YES;
				CLANG_WARN_OBJC_ROOT_CLASS = YES_ERROR;
				CLANG_WARN_QUOTED_INCLUDE_IN_FRAMEWORK_HEADER = YES;
				CLANG_WARN_RANGE_LOOP_ANALYSIS = YES;
				CLANG_WARN_STRICT_PROTOTYPES = YES;
				CLANG_WARN_SUSPICIOUS_MOVE = YES;
				CLANG_WARN_UNGUARDED_AVAILABILITY = YES_AGGRESSIVE;
				CLANG_WARN_UNREACHABLE_CODE = YES;
				CLANG_WARN__DUPLICATE_METHOD_MATCH = YES;
				COPY_PHASE_STRIP = NO;
				DEBUG_INFORMATION_FORMAT = "dwarf-with-dsym";
				ENABLE_NS_ASSERTIONS = NO;
				ENABLE_STRICT_OBJC_MSGSEND = YES;
				GCC_C_LANGUAGE_STANDARD = gnu11;
				GCC_NO_COMMON_BLOCKS = YES;
				GCC_WARN_64_TO_32_BIT_CONVERSION = YES;
				GCC_WARN_ABOUT_RETURN_TYPE = YES_ERROR;
				GCC_WARN_UNDECLARED_SELECTOR = YES;
				GCC_WARN_UNINITIALIZED_AUTOS = YES_AGGRESSIVE;
				GCC_WARN_UNUSED_FUNCTION = YES;
				GCC_WARN_UNUSED_VARIABLE = YES;
				MACOSX_DEPLOYMENT_TARGET = 13.1;
				MTL_ENABLE_DEBUG_INFO = NO;
				MTL_FAST_MATH = YES;
				SDKROOT = macosx;
				SWIFT_COMPILATION_MODE = wholemodule;
				SWIFT_OPTIMIZATION_LEVEL = "-O";
			};
			name = Release;
		};
		ABC29CF129C55E1600D7AC8B /* Debug */ = {
			isa = XCBuildConfiguration;
			buildSettings = {
				ASSETCATALOG_COMPILER_APPICON_NAME = AppIcon;
				ASSETCATALOG_COMPILER_GLOBAL_ACCENT_COLOR_NAME = AccentColor;
				CODE_SIGN_ENTITLEMENTS = playAI/playAI.entitlements;
				CODE_SIGN_STYLE = Automatic;
				COMBINE_HIDPI_IMAGES = YES;
				CURRENT_PROJECT_VERSION = 1;
				DEVELOPMENT_ASSET_PATHS = "\"playAI/Preview Content\"";
				DEVELOPMENT_TEAM = HU8SHNY6PA;
				ENABLE_HARDENED_RUNTIME = YES;
				ENABLE_PREVIEWS = YES;
				GENERATE_INFOPLIST_FILE = YES;
				INFOPLIST_KEY_NSHumanReadableCopyright = "";
				LD_RUNPATH_SEARCH_PATHS = (
					"$(inherited)",
					"@executable_path/../Frameworks",
				);
				MARKETING_VERSION = 1.0;
				PRODUCT_BUNDLE_IDENTIFIER = home.qld.playAI;
				PRODUCT_NAME = "$(TARGET_NAME)";
				SWIFT_EMIT_LOC_STRINGS = YES;
				SWIFT_VERSION = 5.0;
			};
			name = Debug;
		};
		ABC29CF229C55E1600D7AC8B /* Release */ = {
			isa = XCBuildConfiguration;
			buildSettings = {
				ASSETCATALOG_COMPILER_APPICON_NAME = AppIcon;
				ASSETCATALOG_COMPILER_GLOBAL_ACCENT_COLOR_NAME = AccentColor;
				CODE_SIGN_ENTITLEMENTS = playAI/playAI.entitlements;
				CODE_SIGN_STYLE = Automatic;
				COMBINE_HIDPI_IMAGES = YES;
				CURRENT_PROJECT_VERSION = 1;
				DEVELOPMENT_ASSET_PATHS = "\"playAI/Preview Content\"";
				DEVELOPMENT_TEAM = HU8SHNY6PA;
				ENABLE_HARDENED_RUNTIME = YES;
				ENABLE_PREVIEWS = YES;
				GENERATE_INFOPLIST_FILE = YES;
				INFOPLIST_KEY_NSHumanReadableCopyright = "";
				LD_RUNPATH_SEARCH_PATHS = (
					"$(inherited)",
					"@executable_path/../Frameworks",
				);
				MARKETING_VERSION = 1.0;
				PRODUCT_BUNDLE_IDENTIFIER = home.qld.playAI;
				PRODUCT_NAME = "$(TARGET_NAME)";
				SWIFT_EMIT_LOC_STRINGS = YES;
				SWIFT_VERSION = 5.0;
			};
			name = Release;
		};
		ABC29CF429C55E1600D7AC8B /* Debug */ = {
			isa = XCBuildConfiguration;
			buildSettings = {
				ALWAYS_EMBED_SWIFT_STANDARD_LIBRARIES = YES;
				BUNDLE_LOADER = "$(TEST_HOST)";
				CODE_SIGN_STYLE = Automatic;
				CURRENT_PROJECT_VERSION = 1;
				DEVELOPMENT_TEAM = HU8SHNY6PA;
				GENERATE_INFOPLIST_FILE = YES;
				MACOSX_DEPLOYMENT_TARGET = 13.1;
				MARKETING_VERSION = 1.0;
				PRODUCT_BUNDLE_IDENTIFIER = home.qld.playAITests;
				PRODUCT_NAME = "$(TARGET_NAME)";
				SWIFT_EMIT_LOC_STRINGS = NO;
				SWIFT_VERSION = 5.0;
				TEST_HOST = "$(BUILT_PRODUCTS_DIR)/playAI.app/$(BUNDLE_EXECUTABLE_FOLDER_PATH)/playAI";
			};
			name = Debug;
		};
		ABC29CF529C55E1600D7AC8B /* Release */ = {
			isa = XCBuildConfiguration;
			buildSettings = {
				ALWAYS_EMBED_SWIFT_STANDARD_LIBRARIES = YES;
				BUNDLE_LOADER = "$(TEST_HOST)";
				CODE_SIGN_STYLE = Automatic;
				CURRENT_PROJECT_VERSION = 1;
				DEVELOPMENT_TEAM = HU8SHNY6PA;
				GENERATE_INFOPLIST_FILE = YES;
				MACOSX_DEPLOYMENT_TARGET = 13.1;
				MARKETING_VERSION = 1.0;
				PRODUCT_BUNDLE_IDENTIFIER = home.qld.playAITests;
				PRODUCT_NAME = "$(TARGET_NAME)";
				SWIFT_EMIT_LOC_STRINGS = NO;
				SWIFT_VERSION = 5.0;
				TEST_HOST = "$(BUILT_PRODUCTS_DIR)/playAI.app/$(BUNDLE_EXECUTABLE_FOLDER_PATH)/playAI";
			};
			name = Release;
		};
		ABC29CF729C55E1600D7AC8B /* Debug */ = {
			isa = XCBuildConfiguration;
			buildSettings = {
				ALWAYS_EMBED_SWIFT_STANDARD_LIBRARIES = YES;
				CODE_SIGN_STYLE = Automatic;
				CURRENT_PROJECT_VERSION = 1;
				DEVELOPMENT_TEAM = HU8SHNY6PA;
				GENERATE_INFOPLIST_FILE = YES;
				MARKETING_VERSION = 1.0;
				PRODUCT_BUNDLE_IDENTIFIER = home.qld.playAIUITests;
				PRODUCT_NAME = "$(TARGET_NAME)";
				SWIFT_EMIT_LOC_STRINGS = NO;
				SWIFT_VERSION = 5.0;
				TEST_TARGET_NAME = playAI;
			};
			name = Debug;
		};
		ABC29CF829C55E1600D7AC8B /* Release */ = {
			isa = XCBuildConfiguration;
			buildSettings = {
				ALWAYS_EMBED_SWIFT_STANDARD_LIBRARIES = YES;
				CODE_SIGN_STYLE = Automatic;
				CURRENT_PROJECT_VERSION = 1;
				DEVELOPMENT_TEAM = HU8SHNY6PA;
				GENERATE_INFOPLIST_FILE = YES;
				MARKETING_VERSION = 1.0;
				PRODUCT_BUNDLE_IDENTIFIER = home.qld.playAIUITests;
				PRODUCT_NAME = "$(TARGET_NAME)";
				SWIFT_EMIT_LOC_STRINGS = NO;
				SWIFT_VERSION = 5.0;
				TEST_TARGET_NAME = playAI;
			};
			name = Release;
		};
/* End XCBuildConfiguration section */

/* Begin XCConfigurationList section */
		ABC29CC629C55E1400D7AC8B /* Build configuration list for PBXProject "playAI" */ = {
			isa = XCConfigurationList;
			buildConfigurations = (
				ABC29CEE29C55E1600D7AC8B /* Debug */,
				ABC29CEF29C55E1600D7AC8B /* Release */,
			);
			defaultConfigurationIsVisible = 0;
			defaultConfigurationName = Release;
		};
		ABC29CF029C55E1600D7AC8B /* Build configuration list for PBXNativeTarget "playAI" */ = {
			isa = XCConfigurationList;
			buildConfigurations = (
				ABC29CF129C55E1600D7AC8B /* Debug */,
				ABC29CF229C55E1600D7AC8B /* Release */,
			);
			defaultConfigurationIsVisible = 0;
			defaultConfigurationName = Release;
		};
		ABC29CF329C55E1600D7AC8B /* Build configuration list for PBXNativeTarget "playAITests" */ = {
			isa = XCConfigurationList;
			buildConfigurations = (
				ABC29CF429C55E1600D7AC8B /* Debug */,
				ABC29CF529C55E1600D7AC8B /* Release */,
			);
			defaultConfigurationIsVisible = 0;
			defaultConfigurationName = Release;
		};
		ABC29CF629C55E1600D7AC8B /* Build configuration list for PBXNativeTarget "playAIUITests" */ = {
			isa = XCConfigurationList;
			buildConfigurations = (
				ABC29CF729C55E1600D7AC8B /* Debug */,
				ABC29CF829C55E1600D7AC8B /* Release */,
			);
			defaultConfigurationIsVisible = 0;
			defaultConfigurationName = Release;
		};
/* End XCConfigurationList section */
	};
	rootObject = ABC29CC329C55E1400D7AC8B /* Project object */;
}
